# This file was autogenerated by uv via the following command:
#    uv pip compile test/requirements-mavlink.in --generate-hashes --python-version 3.12 --output-file test/requirements-mavlink.lock
fastcrc==0.5.0 \
    --hash=sha256:07790374ba8803204b3f2405bac9186c85677a0430c625451fe75b5d16f7c68c \
    --hash=sha256:07dda2ec68522549f07187b1a1014498c42c3bf298a7c2239713e34eb5f1f802 \
    --hash=sha256:089dd7c5d812f5be80e5a405901bd737fa65c35ad1240debb4d7a274b801bcca \
    --hash=sha256:095bc84c767d25e55612285ada2cd5256e9573c16d0f83bd34969dd097bf32da \
    --hash=sha256:0c33e31e650da679db91793172e9c880092a3635d581ae3d608e3bdfc9bb1f31 \
    --hash=sha256:0c9e968e8e2a74100fc14d9706e7276355bf8bac464873c163d475d39fad6035 \
    --hash=sha256:1091cd50a362de12fe6411fc17d2710ebbd8fefab38d4dc571eca5062b25b196 \
    --hash=sha256:10d31b3fd79daa3237211f4b2ec252b4755b05c81d4f11c3237f4640cdfff9d4 \
    --hash=sha256:11b39a2c1af7364908b67a01e372e873042ba40c8222b77f43e93b80f6807db1 \
    --hash=sha256:11b5b165433dcb72647d1a6ceba7ffaceb359b905152bb2f48d187a583ee5ca0 \
    --hash=sha256:13d09d1cb2cfb8a58352cb2234dec589bf21a313538f6de4bbef3fd297cc7b39 \
    --hash=sha256:152c6ec18c9789372f3d445d97a3d43b95fbf9902b09441058912590392f528b \
    --hash=sha256:15bb907434744a088949c14fdfe19aa9b0131d2c50a57721282feef9985bada8 \
    --hash=sha256:17a1fb353f2e6e79c7926e93c6df48f355e2071f095848a512b184018dd4cdf5 \
    --hash=sha256:17a8162f8971b0eeb7b4ef2cec69ae57ad60ff7a30d93cb64ebc4036a84e7df2 \
    --hash=sha256:186ac91a53264a675f36c3377d4302708efa69d68652a4b49a0bf8a60e120944 \
    --hash=sha256:1b869ad8e649c7cda0b9940d11d2b7e86e9f92cb2f1e93b84cd7cc7828b09a68 \
    --hash=sha256:1c5cd7c0f06b6dc83ef8ae9e5f07a1f88893378c994a37b0519d0fedbff52214 \
    --hash=sha256:210a540351f12bbfa9bf37a4051cb118e720b423ab2abd18754aef91f5c70e62 \
    --hash=sha256:258854f9a7bd6b0df76a8d0c5552674ef296e3820db837fa1ead52f932215f16 \
    --hash=sha256:263cdc4986f0e99bbb231679e18c3f86dad1fdbf38e9fb3d69adf4881365648f \
    --hash=sha256:281863ae5e2357bb13df4d1355ac39368b06769a96601bb036312667f0f5c817 \
    --hash=sha256:28b4edd4b5eddd248699c39b4076ab2bddc7437a61c4910cda167b40303893bd \
    --hash=sha256:29f733a7ad75fb15483949c2d913a327532bd4fe79b9286562bd120889a99472 \
    --hash=sha256:2b80169f1c7573c0021957703a378ba2a1749983a6bfb244ad7be1210d65d423 \
    --hash=sha256:2b85a5afd34e77315ed74a1cd3843c1ab42394cfe98ab83a08652a73a4b29dd7 \
    --hash=sha256:2dc5aa8e9563d9ac0882748b1afe07423881928e9bb7519ca6c98d959b0ccd15 \
    --hash=sha256:2e58167e2370fef76bcd29625e70e7caf3f56b9b86c5bc9793583f37baa9d224 \
    --hash=sha256:303220c63518369cb5d3a24be06fce962175ea0b4bda6864c68f4525147ad7b8 \
    --hash=sha256:33f9d7a707c9528f7c3d75b87630eb301b9738a89e1320c6346b7f40041cec3a \
    --hash=sha256:3831bd44ecd70e47c0c16764cc1c2df0a7edb7c9cd1e8385f89f9217ca9ff248 \
    --hash=sha256:38d8d2774b4ecfc591f31daafd7cc8b36c241dbcb5e1d411a826fc6af2a0e9c0 \
    --hash=sha256:39edc04a68f361b153e5712f181db095c956f09463f6d74a0c8c077b31c15cce \
    --hash=sha256:3af29ca78f31919834b64750d12ad82ec29d0b8342878d411bf24d6b13e7a0d6 \
    --hash=sha256:400999daa9ccec34cd200c2ac10cb401ef5e4969f81cb7ca5c2ea6315419781f \
    --hash=sha256:41c8c5b5c81ae51be766b466fb583c19a4e868001ae4be1d948e7b5677d8214f \
    --hash=sha256:420bbe4ff14efb4797081e8083fc224fa08e76858044221feab4475ba3e8615e \
    --hash=sha256:42785fcf68598be1ecc7c95ed31b804ba0f443e910a0a45727f5e82c164f0d44 \
    --hash=sha256:4367ec34de2f2e4e50f38685cecd2206cf840839e8edf0cafa7cade1c80a0b05 \
    --hash=sha256:46b201057b0a5d6005f0a047e871d6bf44ec1178dc33dce7f277104aa57326bd \
    --hash=sha256:47180fc1034ad192e494b4cd63fbee250a52d5c58aada4f54a0f72a2fac95ab8 \
    --hash=sha256:4753bccf5df492c058f91b58bb094b3374293abf28200d346fc5a8c176083207 \
    --hash=sha256:4a0f46d4e9e826eeb4f6e55675d2a022738f45625f82ac758094bd8ea8e27589 \
    --hash=sha256:4af3867e495e060fd0eaffd2689840bb526eed67f9d42f83c882c4eaa8ce1d63 \
    --hash=sha256:4b22df59fce52b28b42622b3f86df099c13dcda37b5bfb4640f420688b51a65f \
    --hash=sha256:4cb8d953d274113daae86b314edd9d67623b4ace777e41cb22de223e99d832d6 \
    --hash=sha256:4cf1921ed7f6c48c520bade25f1d2eea8bf813e4b9a4feb2fceb6a758df60f81 \
    --hash=sha256:4e80526d49a7901e0787b1c62007737495581fd57e7014f438a9e32ce986d6ef \
    --hash=sha256:5289d8978430b89c67de534ea73af73fb27355777458eea75c83895fb25b9919 \
    --hash=sha256:53b8e3312f8eac63d058a612bc02d340caf1cd851e0f7c8e94b81394fb71257e \
    --hash=sha256:54de51e8579a321227196fe2ba85541aae78020a3bf185c23b5853c73422d768 \
    --hash=sha256:57f89bd1690d7108eba50cc22b7228c846d7579203300e2c3500f12077b34684 \
    --hash=sha256:58febe8bb69b822f749fd426d8e015b217027f1b196005299b4e2ee77267ee9a \
    --hash=sha256:591016afe53149c0bee23e42670b9cf106a7b22e2ea047dceda2c4ac42874a29 \
    --hash=sha256:5a4657ea2b2405649f29339f8942f89583ed08ec9fc8bdf92cc80b9d195601d2 \
    --hash=sha256:5a4ea1fbed89bd391888cd7310b2cb28a6b01cb93bfc7dcf46a5be9fd89ce08d \
    --hash=sha256:5ab177509378fd36e6d579345966491a38ab4b28a039deb79244141ea77a9601 \
    --hash=sha256:5b408763b66c86ad493ccad836348ee18adc53d5f0072ce158e783b9bbd48eba \
    --hash=sha256:5c9c93e1f72aeee3a747fe1d991ddaa8aed5d86b7500cc1f8de7e95ef76cd0de \
    --hash=sha256:5ed21671435e95952ee1f0f01bc4b12483e43b2994b8913781a2ea377fd5b6cf \
    --hash=sha256:5f6937cb130d1fd45b4c4267cd2d6df7b7d3b8e0ddf5a210773334231e3123f5 \
    --hash=sha256:606356ba85e2bd21d91f2c6bd49504d6eaffb31d52f12491e349bd729f67d1d5 \
    --hash=sha256:60d1342ba91795650635acf1e44c0d04bbb14319b5787f413a3303e15778fecc \
    --hash=sha256:64b75b2558337234516fb655f4fed2a8e01229039104998c99899cbabf013887 \
    --hash=sha256:666c2158208d184e66665786f4ac43f45bc9a8120bb0b977ddd475b3b0bf95db \
    --hash=sha256:6677c08009629883608a7e462f884663905975614cd500469882970f457e44e7 \
    --hash=sha256:66f09bd12aa16d7ad6120ab8eb9404800147699741bc2e97a48d6bb166534fb8 \
    --hash=sha256:6a9a9766c3b6d8c06f3e29023c2915228860edaee251d8b0cb4f976432466be9 \
    --hash=sha256:6d9e53a6832cafb71495ca319e0e41a111353b4d577dfe208e4739d10e03a003 \
    --hash=sha256:70ac6f627bb1e40cfab88be0827613dffa6e200db1f2cc792512080292859341 \
    --hash=sha256:746f96555e7b18440d5ce5fbd26700c026fcc93127228356715a804676d3f493 \
    --hash=sha256:77aca8bd7d587f33bc663cff4aed527e5f4c3db0460710d8aa64637259d65c3e \
    --hash=sha256:7835bd87d194b8c93eeb9e3853309787b64dd74b86ac0cf46bd6eb211edb4be3 \
    --hash=sha256:78bd25d9c06d22aee9fec67d379143dae57ff72859d262de3d14820a0ffbc85e \
    --hash=sha256:7a523ad0fc3691a9f819f79a86165528a4a07d10b30236069ab4cde85f1a40ef \
    --hash=sha256:7d5f12ea855825dadebdee069180bbc3aec255f043158191bf93323a0279e5b1 \
    --hash=sha256:7e6df160964942c283e2202d995eee6b55542e5f8b9468f863df62524e4b1754 \
    --hash=sha256:80ecd27c2feadbf4b5e028ce363dc93b4e64e003f2252d8ca336ade74f671cb0 \
    --hash=sha256:81bb244b3c11679eb2586d925d7a194fd5b1faab8a190e3153034a7c1184885f \
    --hash=sha256:82127e22878dfe3b43af128962b3900e8c71c86cf19a0fa138e57f9dbccf3ca2 \
    --hash=sha256:85f7fc6e8d59b7dc940b25c4d63cf52c8b2f93a59aba7c42a08ecb205b159fe6 \
    --hash=sha256:8744b6c631ab5734e5092c452d30e73438ce849d48dba6f1d1a771dd33779609 \
    --hash=sha256:88db9f3ebca64b08b7d445fff2381315ef7ad4f69dc531a36b01ffc5b3de2809 \
    --hash=sha256:8b177c6484385d44f98cc0326b4401b275bfa6cb255090c2907c3ad8b4f1dd8a \
    --hash=sha256:8befd32a7e490e5628488a0474fb7d74dc32bd381370db05ef78004c71c7515b \
    --hash=sha256:8e362054719e2ab5bc79bb0c4aa2befa56bc90bfd644bb304407b611c80b4776 \
    --hash=sha256:9034dca89290d4251885cb6beecf93c6aa92b9b3c008aa1be271df6c585e3205 \
    --hash=sha256:918a3ccf8c31e77f02cc9d95a182537f368ff59e82c4e6ec72688b43d4bc2858 \
    --hash=sha256:9306e35cebf933b30a2f2af926f96cd0d5b00233150aaba5089292dc0a34ebe4 \
    --hash=sha256:944af60b03f365ce2b842b24cc606a37146003283b00fd24e59901bb9ba9e57d \
    --hash=sha256:94d1a322662c0b9c9371c44bfdd122e2af53e0177f2838c8eed2b02b05567a26 \
    --hash=sha256:95a57553a7e7023f09191a61c6609038340ac0d24f038e9af52babd46f720346 \
    --hash=sha256:95c5dbee5e14547805a07dad29af043b9a786169dc36adb1eb701587a0f4ac0e \
    --hash=sha256:961369a764e026898bec493eb2c6a267c69a786816f713e2dbb436974f11c00e \
    --hash=sha256:9626576fc80f2ada6fcfcdae8c039ac8e4d5124f7278f0ae68573dcedbe94591 \
    --hash=sha256:979b991aeeecaf8a0557fd45bd851acc0d8b6a7c7fbd5eebfbaaa2890151610c \
    --hash=sha256:9c1c35126292e19fcaa634ee81b2ff0ef1adef59f02ecef4006d0392dbe6e52e \
    --hash=sha256:9dc1dbbbac1eb621efff227dccc472262c99193b16d0e6214da1bb50441cd023 \
    --hash=sha256:a36256e2171a5d5527628693d57e04295495668aae0b314fd0a38bbc008b62bc \
    --hash=sha256:a40d13a4702c18bb8833092c8ed9027f92e3fdc11dea833b5e7f222264f96a38 \
    --hash=sha256:a42dd8f1e8679c3ccb81d012d7f660460a66712848210a5fb99598b28160d6d9 \
    --hash=sha256:a456d604c78cdc65cedac3f7a4b622b09e9eff0dfb6973c713a397c380c2eed1 \
    --hash=sha256:a538807deed958ce4b7c686dbde4d6ad93789a8495743120a03b021541671988 \
    --hash=sha256:a72bf8445cbd5021115be85f2a49191297b09425bc0d0fcef68bc8f97bce9e0e \
    --hash=sha256:a8854354192daa71e25cde619d5a20f2069a22136df3bd7366026d6287f52865 \
    --hash=sha256:aad09e6e1e5e966d9ac73fbab9b4998f7ffb5580e389cf3d855c16cd84ae6e92 \
    --hash=sha256:abd97b25d8a51de3f4f7e62b0cc2853c51aa77a4479781d38357a3aac0c288d1 \
    --hash=sha256:abeae84a43fc8e30c510e04b48e8779daa61e4997f9ff7334030f0300ee7bf9e \
    --hash=sha256:adca9ccc3c444821a1a95171db8af7c5daf02e241cd9246670bd184c0ac21d68 \
    --hash=sha256:af55e58698ae12687e2956aa989eafc8336c87b7c324f0090e4f75d2b4d08243 \
    --hash=sha256:b0df8dab6ec3d950f9da7424c5015b3130a880fbf99a13856df8895b969b5d57 \
    --hash=sha256:b19e60896a2623a97243d7b0c1b1d78b27de6bf997025944409670b2696362fe \
    --hash=sha256:b29b6acfc6a0e4cc47a413c6c682720dae1d7dcf96e16baa121d02c2e1d72046 \
    --hash=sha256:b3ea421b36b3d94b24dffa227ac73bd840567d80ff263539ae2f0f6089712ffc \
    --hash=sha256:b7753e69d464d38f091cdce1b274f264f2ab0709fae2cdf9a4ae9bfdd29e3948 \
    --hash=sha256:b88d191e2a5e024dddd4565b1236cf09822032845f6f54f2c627a9e3e2f1d13b \
    --hash=sha256:ba08e15604b6713cbd557cce1913bd096f2bb2cf964a626c916263a456bb10ff \
    --hash=sha256:ba98738969984b79d83028ac7b23f7b739c2771c2812c7799b7998ea34956de6 \
    --hash=sha256:bc125bb9469deb0c6b0d1451d52f49c4d07ba6f0b203550ef948a448e040fce6 \
    --hash=sha256:bc81a89f7090b3a45ca37e7cc6cd097f12b13464247d4a8380b9f2a844a00c18 \
    --hash=sha256:bce39197a43d1a96a8a76de9891f6ade42b70ebe0b80945c70c4c46ebc7748eb \
    --hash=sha256:be7971c5e27cfa3fb21a2bf2dbb2acedf5fb8d568764c84a1911353201d916c2 \
    --hash=sha256:be99902b320418f2d7564fd4c609324891a268d5b74d2a1b2760a315abec6e7c \
    --hash=sha256:bf618ecbdf6a62e29d834cee21f49407af3f7215f02ebf79736e7fbdfdf9df89 \
    --hash=sha256:bfcc8b7e7da26d8a06a79e119662edb4352fa4168c2b3a9a5e83b0cdfc5bbaa7 \
    --hash=sha256:c2ce7e682b70d0bea902d3a79d3d10deace361a309deca01a11fe7d834bc50d0 \
    --hash=sha256:c3df523b2ef03491963b6f6e1f94786c4fa7d49d0e72182d4ef253da1000d1e9 \
    --hash=sha256:c59012a115297b919f70e27049a26359165908a7a6c803408df52620e695a3fb \
    --hash=sha256:c5993e787c537cab840f27e76e7def80186939c17342455c86641ee2bcfa50e9 \
    --hash=sha256:c5a49b0c98e4a6462f86c90320c98c964676204e4702bff4bb2013c8381138ff \
    --hash=sha256:c896ca6a9d205368866f20e0bcb91eb8f7a3e9a10806a6c183eba0b7547658ae \
    --hash=sha256:c8a45932206c36f106ac146ca0635e1e22535c75e2961174ad95cb592c5667fc \
    --hash=sha256:ca323cd9940379813111ccbd7ea47de6368b4da321a1906348a6955d7df820b7 \
    --hash=sha256:cc59d0bdef71b36776182d51cd876ee977e19e7ab6f26f576bc325f8d6e5c000 \
    --hash=sha256:cdf2087489fc17a2b192686a589903f0a7b47b6b32868a3174ca59843da3d45e \
    --hash=sha256:cfc967da305851da0d97a31a16d4a07502710837b3497a761d82627551cca934 \
    --hash=sha256:d0385b70ae4d0c77bc239258b0c99eb6453a8cd1ef4122068c03f5da5ba088d8 \
    --hash=sha256:d07b15fb3f5cbe7ac4d1a104ee0fd43704811be81707b46eaa14e14bf36d1f0a \
    --hash=sha256:d0df29d09326311d91fe783722313131a3fc695c5c2b64b7eccb4d80c6c9792c \
    --hash=sha256:d4e6f057bbd064a9a92ff0c2ea11cdaf242629a2df9a95d426ad703e9b531b99 \
    --hash=sha256:d54c2f553dc041eeafa34c6fe5fe1a32811d5649a0c82a38983474aaad0e2e70 \
    --hash=sha256:d800ba5256394306e1a94a315368940ae0f6b253aaf52c24d507e7f28f00a8fe \
    --hash=sha256:d986fa7faf03d18b9de5f0cf817979eec0ea7825e6564077e831c62f75d828de \
    --hash=sha256:d9e0614db17f91ca7b761833dcbd0a0b7fe94950b7495d0c7a9bbc100d0dda25 \
    --hash=sha256:dc9799cce92b926264b603fd9ea8073238d247f783381fcd91d214a9ae335f0b \
    --hash=sha256:de483278305db94c6cd452514f3264094f0987b4a1697d96124914b4f4ee9d8c \
    --hash=sha256:df3a8e74c1542e557ea5dc5869a79f59f14d2ad942c324030bd076370eadebff \
    --hash=sha256:e02cdf379d7371f0bd9d7cac957c67f0696e62292d73eebe02ff6393eef05b50 \
    --hash=sha256:e03fd0d81ac842bf34023f9e7ba3df0d577919ff6fa7af8dfffe4133d6c0fffd \
    --hash=sha256:e127163b3b870dc9b60c876a10f6e2de350a58397ed5646e5ff8df06132b3329 \
    --hash=sha256:e1fc3ec575efc41c5e6fc797a4d3420280f44664d46c59c9fffe7d87d1327b4b \
    --hash=sha256:e36e95218a6b6199bb8826386468a87e019df2722f57a4c1e048fbdb4ecf44db \
    --hash=sha256:e559c34ef286902d0cefcb578b2353232e3fbcc8e424ff0f2a3160fed1b73a2c \
    --hash=sha256:e6ec954e6c71ac592c7ead60986c175fb75719d99152459b5111a4c177005723 \
    --hash=sha256:e738d44f89132b554d70b73af5c3108d5453cb060862cee042f0ea007ecda098 \
    --hash=sha256:e91dbe76f93f4b60328d1ca81c58832210d6e0db369981e99e278fee37ddb8ce \
    --hash=sha256:ec8d769c1217a6d8832ba0960b685e18de00ce52097306cbee0c8a423885f228 \
    --hash=sha256:f05be36eb0b35313eb414786418dd4937d0af8167f09ce6eabe0fb02c2ed41b6 \
    --hash=sha256:f137702a84837dd16325ef59db538471ae8becdfcc75dbc69febaa788ff5bd96 \
    --hash=sha256:f2acc0a5813a47f50d72f0c42a8b4417fac54dd229af5c4c30cea043a2885dd5 \
    --hash=sha256:f2b5c2a3d64e364b529ba95a05984cc94074228bcf584389fc4cc3553de7b8f5 \
    --hash=sha256:f2dec5a0e66a5c3408f6a9d62e16d63649abf59b18c0f55b9be544405720e15a \
    --hash=sha256:f37ccbf322ae16334f1e8f8d0135f31d57b1f6d900659eec87b6fd83ba6b5756 \
    --hash=sha256:f3a8fd96965b9343e327b961c5bc146ec6720dd7f691e6d28bd0051f9ab2acdb \
    --hash=sha256:f79571ea4729b988f4a71ce638e3f62e2918f88cf59dcd033feb76936a95e3e0 \
    --hash=sha256:f8bc6607389995f1678d2eef0e098cb1de0bc0ac5efae811cb5c98449bf00b7f \
    --hash=sha256:f8c2ccc23b4c2fc5e91d67c072f62d0bf8f9577daaba684052b9f848362622e7 \
    --hash=sha256:f965d3eca04bb754a1a80ed1b521a3dd6be5418a3da9fc5198df596f99c3b2d9 \
    --hash=sha256:f9a116165a0e4fccc37893d6ebef69945600747bfe5a78a285e697036cf2bf91 \
    --hash=sha256:fc7fe321736f420168f3d8e60b4300ba500c5f84d1a44f9d8e28ff3bfe378d58 \
    --hash=sha256:fc8b7fd4fd2b7bf6ac99992178be95668876a8114f02b5a12da1b15a18da18e2 \
    --hash=sha256:fe37f1ff6af5a231ac58c01acd77303d4734d787892bc2632f420bf9c2c43144
    # via pymavlink
lxml==6.1.3 \
    --hash=sha256:032a0a97eed428bd143c75a11118238546424ceb2fa311cca5f073aa44658dc4 \
    --hash=sha256:05f5bce9af14fd1506997594bd81cee6d9c6b58ea80a39c058327aa6371ed9e9 \
    --hash=sha256:0794e04ba343852c6d78e996c58ef4b8e579b4ecc72f8df0d4058bf843b4c96e \
    --hash=sha256:0ab2467e405e748d93495fb5568e74044802b8d3ff2b2a1607c3f78c6e982de5 \
    --hash=sha256:0bf5a3e397df2ec4258eb5eea4c1ac6cf013ca1abd04a176903bff20a70021fe \
    --hash=sha256:0c0710ac085a157b593c38fbcacd950f15c4afa8e2057527185875ab302752bc \
    --hash=sha256:0dee106e9aa97fb00541b1ed7827070564d0549c3d3fba8920e6b20fd980f748 \
    --hash=sha256:0f17d83c48ee9dfd96abae3ac3e2108c76d2fc86ce96355e37b8da9f7f4ecc08 \
    --hash=sha256:0feebef8d0521188d0157f758356072e840173aa61ca45b8b3f87959ac283dd5 \
    --hash=sha256:13a620a3fcc20023f9e6ed5c383e00e826f1c2d5db554df2f67240760f9118e8 \
    --hash=sha256:13d22c0d57355366b393936acf6b98a5e0edeadddd3fccbc6a846c50a76b8741 \
    --hash=sha256:160fcf381f76c3aeac28a756bec44f48942a8f7245a87aa28e3a523b4d90cd87 \
    --hash=sha256:16148acd77ed1d8836a56db883af2f5eed720f9723088110b16a0d08582130a6 \
    --hash=sha256:170773d8a3cdc76259065523ddd978c44f9806e28605f08812e8f86783e44ac6 \
    --hash=sha256:18293f8a8d8b6a8e71ef37706b659e3846a4261232158167b1ddf35f6994f633 \
    --hash=sha256:18a4db52b5a7b53a3540b0b0f4123319334621ee8083d496de314d0bf06ff59a \
    --hash=sha256:1a635e837b50a1819bebfedaac5916498ea024120969da8790500148fb0a894d \
    --hash=sha256:1aeca87830c4fe649dcf93fe2b059525b71c72587f21be4ae4af7103082a79fa \
    --hash=sha256:1b7c37339d7e75cab9a123a04248e243cefefb302ad6db566ea0c77cbcde421e \
    --hash=sha256:1beb0f9909b26cee938df9ba56b15252a84429b1fc30ce6fca161390b9789a70 \
    --hash=sha256:20384c2bbcbf87180c8c61eb60869699c1ec0cd09b62cfd13804022d860b0867 \
    --hash=sha256:20428910dae17a1a93152a3ff2c0441d2f4932992c0797d65651dd0561f1792f \
    --hash=sha256:207dfc3d47cf0e575e643bbc140dacc8863b39abaa1e5307cd64c7f2365b8a12 \
    --hash=sha256:209c3ccbfe35a04ac6d24f0611f9d1cbf8025d49991b14acd935236234d6c156 \
    --hash=sha256:2123e5aa075ac20d23c7af489255efd129cbfe190dbe88fd42598cc9df3199b6 \
    --hash=sha256:21402998e4b78e7cce237d2788841aaa21ac9a4d1574d04dc2d12ee41ae807b5 \
    --hash=sha256:2221e88679d1351e9a40aaee54bc65679b9795bbd0160bc3d5e36b163344eb75 \
    --hash=sha256:22eec57e26c418cde02c051ce9914a365e52a7f135a565c6f0480242aeebab48 \
    --hash=sha256:23c366231259cd75ad06495174701afb3fcb36a92917fa47de2d1f1bd9d95739 \
    --hash=sha256:25f4118c438f96bb466e83108506d03d5c31b1bd2387e83e5b070bda6ded9c37 \
    --hash=sha256:28a23fefdb345b2d4d0ff2860571b5ff9a89a28b6a120f720e8fb0324d346626 \
    --hash=sha256:290f66b97ede0e552e1cb44a0fd8a74f9753ee635b50830a0b122fb72788d015 \
    --hash=sha256:2b9b1325ca1c2a9a2dbb6eb913ae563313f2082ae60b03210f7e83ee80712274 \
    --hash=sha256:2bec13085dc8ef48a3fe62f7dfcacfeda2c785cdf19cc8eeda2bb9ed081da165 \
    --hash=sha256:2cae5d5c90a62d9139c512a0cb1aad1d182b022b5740daea2617eb5bf7fc658e \
    --hash=sha256:2e01125896585139453cab8cb235893644d8815d7509520da95ae3ee8d1c1f79 \
    --hash=sha256:2e62c569ec7531b679b184cbfe335c501c1d13c4b363560013019962eb630e6d \
    --hash=sha256:2f5b2a2b9811b853b39bfa41367c6d78747b8e3e80e07fc5a24aae295c1a4d7d \
    --hash=sha256:302f72413251c03f671e063c9414bed5dc8c927069e5abb69245521e51a4e81b \
    --hash=sha256:32a409be3190b088f960ac92bfedfbef2f86c49ff940765e1548177592d20026 \
    --hash=sha256:33cadd956b667997e4de1635fce9541f2e8ede2038fcde8cf55aa14d571d1bad \
    --hash=sha256:379f8a75cf6eb7eef0af074b55f49ab73b868388a98de14646abcdfa4564bb11 \
    --hash=sha256:3847e71a78cbbc1aff955dbbbaf2fff12153f611d3162c5beaa3395636cbc2f9 \
    --hash=sha256:38fc4e4e4e084e0bd491949482527d406788045c546d4f8789e93fc527b91385 \
    --hash=sha256:3a27ac6c780c8b8a1cd231b58407634cafc1c4cc28cd6c7141362df0f36351e7 \
    --hash=sha256:3a48093cdb058a93af842ede9703520e810b05dcd0fc6d7190a06376c3bfb6bd \
    --hash=sha256:3e42265103fb385d8642a78672edf376c6f7e1d3598a7a4f9cb1278f2f6b5f6f \
    --hash=sha256:3e9a00d1c2c30936f7add097c41afc5da6556c580909104aafd382cac92a855c \
    --hash=sha256:40983eabefd13da003e68170928c7acc011f0d095eefce5871a3c71c9385fb9a \
    --hash=sha256:40bcbd9f94166ffe925811e730607385cec959f42fb1bb7dad83748680465221 \
    --hash=sha256:41096ec0740a58dad03d3ae0c7486d306d20becefb13ceb1649835ab3eb64167 \
    --hash=sha256:415e3a115c0d510e329020012834d1c0aa1c581ee53a218603e38abbc1dea70a \
    --hash=sha256:41e2d428110b408e963b6fb18f9bbf1f5c027b56bd4b498d54556476c0aeb1c3 \
    --hash=sha256:424aa5657141d306ba9ad1baab4b2c0a0719040075ee6c66aee9bb2dea2b5054 \
    --hash=sha256:42632b4024ab24a6b488f559ac851312509888b6b80ae2aa11cf29a646a0d245 \
    --hash=sha256:45222d94ddd511536f3b2f7d9deae3b2339b4ce0f075f1ca25703b07cad9dd21 \
    --hash=sha256:4736e6c87e603146d8949d8501da621ad20c31015060d3fcf95ace2859f3e3e6 \
    --hash=sha256:48542c9acba9ff9450bd18d871d2c2c8787fdb283572b623d206f1b927cd7d9e \
    --hash=sha256:49fbc2682a9306135b7ec49e93f97f9c26689b9b7f96ed2742d8d6497e994d13 \
    --hash=sha256:4a579dfb9c835f8ab47f4b8ed33440cbc75b806b73297208e6ec2a33e903740b \
    --hash=sha256:4b061064b4a2fe8598a466d723d43dbcd5a610a5d5cfe02fb6226f5c17349f75 \
    --hash=sha256:4e11e885e0704be185867fcf71b904d8f65d7d6877bc121f69870b0d0479ba7b \
    --hash=sha256:4f4db7c7e954d289d71878938348b3d91b904a3e8210a11939359fb758a58e7d \
    --hash=sha256:527195c188d7d0af748cd48d220ab8cdc5cb99be3d49ac4d9be7324d8abf9bc0 \
    --hash=sha256:53258656846f5c48996b882fb4b135885e088a3ad3d96b4bc0530f95124d1f69 \
    --hash=sha256:545ccc14fb05485f48b4439ec35beb16d5b5280eb6c81c658bd4707a2a119414 \
    --hash=sha256:5609efdb0d3c95499c00046bc53648b3482ec2175b5503d6e611b3f0555dc71d \
    --hash=sha256:5929d9df5e7e3379183be0e21f7d559618a5b61cb63280df6164019242e337ed \
    --hash=sha256:5a143e6207579de8baeded4eaac9134413200359f1969d636f0bfb98ee8c3c8f \
    --hash=sha256:5a721a98c649855963811b59b55755b30566e7f7fc40bdc9803d66dee9f811cf \
    --hash=sha256:5cffe18571ccc51d742cd08cbb3f8b756de9311d18c7ea98f5d92f37b8fb60c2 \
    --hash=sha256:5d12669a2c419b0e8dc423d23dea24bb82f6f9cb829f32e04674b0ba40322a7c \
    --hash=sha256:5d582042c69857c364e8153de6e18e0da9b7b515a6a8113caf69a6ec8e0520f2 \
    --hash=sha256:61116cec57ed69aebc70f37a545eec095339bb829efbdabcfb97c51e9536e158 \
    --hash=sha256:611a51e61c92f62345a50b0035df6fc0d678f9299f33728826d831598862f59d \
    --hash=sha256:623c8799c17128753c65699f1c3aa32402657393a9ad6db09ed8b98ddf76611d \
    --hash=sha256:6374e9e382e5a98c9c5e66d41b357b470da1c54bce30f17f9dc4bcc58436cc1c \
    --hash=sha256:66299564c046bc7e0cc5de5106601eae907e9fa5904cd68a323380a8502f7861 \
    --hash=sha256:69cafd61aea04ebb3502c93c2aaa568b12931ca0802231e0b5de76bf8b6e74bd \
    --hash=sha256:6a406d0b3cb207b0fa460ed4dc93e866f44f105da0169361cb18ff998a44c7f0 \
    --hash=sha256:6ba4fe5bfbef6811a8e49b3719cde373ad399006c0c1ac184b7297116ecbba5d \
    --hash=sha256:6cd11e7550d89e551a87dcec30f04b1fca32e86b68708aa01a4daa455d8605e5 \
    --hash=sha256:6e1eb8a4cbffd5553680ad96be6680e364710656eced73d1dc90ec489df599a3 \
    --hash=sha256:6ea2f13dce778ca072ccee598bca46a092ce192e8fd907b6c1f0e52c800529a0 \
    --hash=sha256:71532ebf30be0048a45559b4fab15333fbaaf9042f658e878d918ecd0cf09805 \
    --hash=sha256:73fc05988ed20809450474ba760a87c8ad4e455fc09783c02195e56ec634b41a \
    --hash=sha256:75cc6569e86be5785b6188ef1642670c6adbc984e81ec35e224842ecd9eefcc8 \
    --hash=sha256:773062aec2f2e56b2b22d37054123f0de8a22a4688a0c3376c3fe42685f975cf \
    --hash=sha256:7ae4949f212a53b007dbc355884fda122545c5764a54256c9217e419a62a6559 \
    --hash=sha256:7b2bb7d703bed7ac893bf7f40d97b5d9279d35d2ce460624ca28929eab0d5a3d \
    --hash=sha256:7d0f5976aa2701996f759b30172925829867547bb073af0ae67d1307a0f0262c \
    --hash=sha256:7d5a748d12dd9b535e0a130f60dae9ddf0adafbabe61e7864f55c7436c84547a \
    --hash=sha256:7dd624c1eaa629ad44b59a1a0145fdf2d67895592dce94c9358b938b3d075e65 \
    --hash=sha256:7f75b9b9fec2a9c6b18095c81865580e795b1441c429e42d22fcc82a77f40039 \
    --hash=sha256:83e3a51e7933db700a0da0db31849db3a24022d9970da9bb73001e1d0326fd92 \
    --hash=sha256:8499d464de86fab0f102313cce32a9bed9ab1f06ec813cf025cb790964fbb765 \
    --hash=sha256:869dfcd4d381cb0ea87085cc4f011b9171b494ef21e76ad8665f6d5e2d1dc8a1 \
    --hash=sha256:8753b8d51dbc86fd335ee31fcf7f3658e9f5c016d4edfb23f76ad295f4b8c9d0 \
    --hash=sha256:887c021d9a977cff89cb273047c1352997b772a8908a25c21836861f69b92be1 \
    --hash=sha256:88e719b9437f148f7e1465df845c758dd1598618cbea3a2fd1e61a715542f2b2 \
    --hash=sha256:8a330c0ee5fa318c7b5cbbaad882baeca3f570357e7eb25ab34bf31008150758 \
    --hash=sha256:8db38ff3fb7aee7d6a82ae4da2eef1178656fe1216841fbd24870062a9d60473 \
    --hash=sha256:8e49a646acfab83c68974f4aa1d0a2acca9e88d7d627ae0fc13201b14b76d310 \
    --hash=sha256:909f4e927bb051f7740d6367285fc60cdcfdaf0258c2dba4ff5ba7eadadc250c \
    --hash=sha256:90f709b9accab6b2e4d14f5c8718203877a0486bcb3afd74d8b539ecd1e961d4 \
    --hash=sha256:92d96586376fb79a33474797186bf993250152ee5c32650b67db78d54b92e6f3 \
    --hash=sha256:93476b6514b373fc6ca67d26c442784f7807c86f00635bfe79f935c3eab2af17 \
    --hash=sha256:97acecb11cbc411473f15b8d780df06d7a9f3a2aad9aca78364f56640c8fb70e \
    --hash=sha256:97ce49699d87ebf8aad631b55d65b33219a4f1bfefbbf5bff19dc9af160aeaf9 \
    --hash=sha256:9bde9ae026a55b9a192078dfa6e27dd0ca4a050171ab6272e92f97b757dfdf48 \
    --hash=sha256:9e67324961ac9bbe616cce5100514d2e34d88665aeb07071e8b16eac55d06d94 \
    --hash=sha256:9efe56a68179f3adc4de41861c9358931db03837c48dd5e1c78077b84dd07f3a \
    --hash=sha256:a1932d7ce78a561367512c594fe66eac2b2ec9b9264cfd9b5f950622f4a116e2 \
    --hash=sha256:a1cec0f99b9b914d39176347a93b7610dc09324491aee1cbc57cd291a41a1d55 \
    --hash=sha256:a2e3f70673a1d5b82f38255f777d26cd855bf2092b1436c4867464a7892f9238 \
    --hash=sha256:a43b3bdf11e477dc7770609d3477316f974354dfc8425d596f64f471cc8daf6e \
    --hash=sha256:a5c18810318303ce9afb3f95e2ddb54834f96fa699a8600433fd5a93dcf44c56 \
    --hash=sha256:a7eb78ba28b187e1e9203a55c60fcf70df2d22cb205fe6d51b9383d6097419f0 \
    --hash=sha256:aa633613ff907ea91b9b0489a1f0da1b8725d8c6ccec6b77e8a1c9c235044bb0 \
    --hash=sha256:aa9fd1ee2a5dacfc41039ed49ffeeacfa75bafbd255b69f3b578e11897a0e623 \
    --hash=sha256:ace1d2c83b2bd24db5940600541140e87a325e119cb32d5fa9ad720d7e76648e \
    --hash=sha256:b1cc980905221a5d8b3c476330730b3adb40ff80add71ffbdb6215ba055656f1 \
    --hash=sha256:b37772102d44bb6628186accca3a121b1fa3a6b3d97518a8c29a5229ca4c0d0a \
    --hash=sha256:b3ff39654f0ce6ebd4db154211136dbe7e8157bcc3bed2344c87f32c7c6ecb6c \
    --hash=sha256:b477912f42c5c33405a10c759d22f80cf5af043ae02d95b9d8e5e5bc555739ed \
    --hash=sha256:b49638355ea3bebba70da783ccbc630fd72afa16bc46c54474bfa1f9a915bbc6 \
    --hash=sha256:b4fc6b03b9d9d90557274f571ab30e7fbbfc527955536935d96f98b6817a86e4 \
    --hash=sha256:b50343241eb69fd85f7791cf8bcc7b1c4729826b7d59ba2f6b27db29638fa745 \
    --hash=sha256:bc8dd3d9c93e70c3df974a201ac2958b6d77b465d813c51d1f15fa8e645763ae \
    --hash=sha256:be5346653c0b0e34be96869ff9dbeba23860156f89a2896a64c64fb419260cb6 \
    --hash=sha256:c00e26288784460885fe76e4d4b293573e0f791f52e6d60e27b42edf005922eb \
    --hash=sha256:c1b50797ac246bb2942a04b6c0f69af0667aba7cf7535f39bbb1b3208fd5d128 \
    --hash=sha256:c34ca1dc41bd86d9ff830d5bdf4e4a752bba6c54f7d2707027ce0eabd36084c9 \
    --hash=sha256:c55e71a9b1db1f107efb60da49c093689b74c5c31a708e5379e2fd9439d4fbb5 \
    --hash=sha256:c581b1d68b3845fb86c6b2983e755b29bf001461c59fa411d2c26a911b6559a9 \
    --hash=sha256:c59e4265608da6a041f54646ecc0c9ecdbb19aaf14c4c684bb6c2114998cc415 \
    --hash=sha256:c5e7ce578aa8a80910a72a8ca0bbea3baae10100827249001999726a788456d8 \
    --hash=sha256:c66f858b82497173f73366795fc6ee8171620e75a338506d6b2e7bc16f5fca11 \
    --hash=sha256:c6c0c13128a32eb04a51357e56a094e13aa8e6d3d1884de2e9ae923f6915e1a8 \
    --hash=sha256:c9389b3784b56c58d933b5e0aecdf28f901b073ff385358d8a7d40907f6e14b2 \
    --hash=sha256:ca0ec532ad2f5ba1e5ec120ac157769c57f01855b3d8bf37213f5d88abd9ba0a \
    --hash=sha256:cad7617727a96d189bd6f979d0fadf765198c7934e85f4edaba9bf3ad919a300 \
    --hash=sha256:cae82b5ca24b0c2beedb269f6e2a96f466acd926879ab00ae19f1a65cbf9ffb0 \
    --hash=sha256:cc669256d28736f7f3a149df5c380c50ace2692ba3e62203d10656fade4a2145 \
    --hash=sha256:ce1f220114959941170e22b8ad44279f6dee2dcef7591814d01ae805dc058889 \
    --hash=sha256:cfb398886a7eb4c719161c3efcff2a1248febc53a4d8e5072d2d8a87fed84ac9 \
    --hash=sha256:d077f21f4b16f0471353883748f126f62038760397c107bb9fad2ca94dc0dfb7 \
    --hash=sha256:d0c5c362bc94f1929dc7e96e715bbe7bd17037f802e6d8f0d1545df9133c0559 \
    --hash=sha256:d2765c18ce303149ee804b1f3dad11232726dd0a702d73a15cf19179ac8cc962 \
    --hash=sha256:d44442effeb8781f392340c5dc8c6716fba41dbeacb82fd4c0f09026fb5ff682 \
    --hash=sha256:d85dfab42dd672f87a7f76e9de7172962aee69fa12044f0d6e1a23cbd53fb80e \
    --hash=sha256:d97c5227621af74b111882a290b10f371780a38eef9d9e730408fba2259b52fb \
    --hash=sha256:d9a0d12846d6ce434fb3857918eef4315ec9b4769deb020c75828798614bfcfd \
    --hash=sha256:d9b3e7d71bf6acff341233417abbdface29c647e3113892d9aaedc02eb4aa2bc \
    --hash=sha256:da707f14ea3c35ee463d50acd596d6488e4b2b4ae7cf77a5bf93f55c023d63e8 \
    --hash=sha256:da85db328e507da922d586c3c7416ec360ec22e9cd9e0700691afacde0c81f53 \
    --hash=sha256:dc205732d593118cf701d986f40e9de7801bb2e371cb189ddbda9b7348f4d97e \
    --hash=sha256:dc3a44689eea43eab836e5c98a8ab015dc2419987d1ea6eafc7c590cdff86bed \
    --hash=sha256:dd5e90f34cffcfed97f36cf066325773d2b6021c60c29942e53a18b028501b1d \
    --hash=sha256:ddcf547bea2aee967d6a77779376a45e77e610e8465147a1f3d7e20d539d6e32 \
    --hash=sha256:e477aca0bc0d19f3b4ae9e4f2a1cfd687c31bf772d78734910658186b40b2477 \
    --hash=sha256:e8b17e23df3e827a69d25af70990ca2420e92668aaffaeeb3cd2351d7916a023 \
    --hash=sha256:e99e09ab7741f1281e2677f4c0058c7f5267d182530b09c87e4f6aa26adf3887 \
    --hash=sha256:ea2c01cdb16dc12156e455007c406dfaaece0c89aa4ba0e3b47586779f951d41 \
    --hash=sha256:ea6b1e9105b4b24a34c722432d9fb578f9ed83af21fa1abda639011e0f22bbb6 \
    --hash=sha256:ebd054ad1737a68fb7c5c073d405cef2b88bb824e294de3b4a4e995b47f0e376 \
    --hash=sha256:ec295280f4b37769256da025acf5890370355ac589c27e89caae0b5e9eedc702 \
    --hash=sha256:f6449672f9c93316deb5e2839e18931f468670e44d5bd9b1301a5a9655d45c07 \
    --hash=sha256:f683dc6300317700025e41d89a43e0276692ded16113a3c43eab704d605c58e5 \
    --hash=sha256:f6b9d2aad499c769ee8287609ab0e6de99d8bcea99c6e6c2e64945259fd52fb2 \
    --hash=sha256:f8b9c8ceebae6387d0dc77f7f4dbbfbfc962dba2efbfe6877486075a480726b4 \
    --hash=sha256:fad67b12ffe0f71e02b4932b04883cbc76a9072bbd30731409d3523cf058b011 \
    --hash=sha256:fbfb70ba01355251faf6b293171df49f73a88a1b6494db109ffea85442574458 \
    --hash=sha256:fe91993149523aa59941b9e3c90e2eb45f57ad014697aef6c8b13339a59c019e \
    --hash=sha256:febd35ef45f603c2d74b74655efdbf45e14f55fc0aef4ac82b663ca829b283e0 \
    --hash=sha256:ff88a92cafde90888511242d1c54afcc1a8adbb6dc0a88fa7f87e29e92400d4a
    # via pymavlink
pymavlink==2.4.50 \
    --hash=sha256:032558d83790119885a407bc5cfa6fe848c3e0834cf320383a28c22d55272790 \
    --hash=sha256:034ea26fbaa69b01ea4240315c9a85f9445b852f513b1bee30f4e913f1812aa3 \
    --hash=sha256:05a862dfb747102fe77acbe86d456ad6c65fdb4c0d87ede25c3963f768b4cfec \
    --hash=sha256:09cf13edadbe614cba5804431a3ea2d82febbfc6dabcb15ee3c473c5c2c7d4a0 \
    --hash=sha256:0c44ccca811c7f01aaf2307d462250752d7ac7eeda4f36055d4c56d613a43246 \
    --hash=sha256:0d4db641de8c7c08bd8e3aae42e8eeaa2434c6db1511e6ee68eafb330ee8f8f1 \
    --hash=sha256:10d2e353404af8f7d97eb5f270543b711f85deffc1f773baf65be1cb7ce12ef4 \
    --hash=sha256:12455b3474ffce699ccbf889337dd8f12b29b4c6c1259e8e53d90eb3ec141fdc \
    --hash=sha256:1285ed68d5a3c65580c55d69f2b5874a3235f0ab9654e741f3992bb741915625 \
    --hash=sha256:185e2b8d5a6099c1b3f0c0eae80983630a61ab4bba210311927581f1fd6e3800 \
    --hash=sha256:1ba0b7e86b15b981ed2ddacb30840892b7974e2a60a769fa3b796752b5677e00 \
    --hash=sha256:1bd428f921ee6014cb5263e1a2a9ff365010e514e4c0619eb17e2df28bb30fd9 \
    --hash=sha256:2524b0f8cd51ec9b55538b76468181f21e5f475073ee217a8584fc1dba2722d9 \
    --hash=sha256:260a2d4a7282dbdcd2c868633b154de106fd73b36f69eaa3e78af778106b9cd8 \
    --hash=sha256:26c1bf3ecbea8fd21f497d7246ea9aaecb76a4f905866ecbe7e413f083ada4b9 \
    --hash=sha256:276bd9ba879014c7ce6840616e61bda54a913262204b46fb40e78d8de04764a9 \
    --hash=sha256:28109dcd73ecd2d7bcc07c9dbf67beab625be80b6ff0dca91f398bb49ed6be23 \
    --hash=sha256:28b34edc598709e11eb03fbf25a05ea385be59edc7c7dace384a62b67a3903d9 \
    --hash=sha256:2baa96fda98928304c904da65016d96296b4d9e1d63354836d6d7aad68c8f047 \
    --hash=sha256:305455db86fd947669c5317c65f5178c85e5580aad40972e2eb0afe22a36aea6 \
    --hash=sha256:34a80d993e9ff4240869603cf6f5122cbb631bcbe7bb97db83bdec3860033556 \
    --hash=sha256:3868296c65953acf96dac19c27aeceaa44ca75ac3fb8dad8ffdd39586935d1c3 \
    --hash=sha256:39ba65067bd518e19c9953fba9956bbe44c35a44966937dea16e49d0d3e2b842 \
    --hash=sha256:3e010cd74f385ae4ba1b40d645933aba837e0e409c287ae16e99c46e0977e255 \
    --hash=sha256:3faa446026ce845b45665c8ca51e80b5649368cbe831276247507fd3657f033d \
    --hash=sha256:4394898e0225c71a3c82c4a9316f9ed2a9bc6fcd3755641d14ba6710450e08ac \
    --hash=sha256:44a423d870d7f7ec766546a93fa4cfe2d8e98a4ddec987771245082099bce7a9 \
    --hash=sha256:4e48f24cb9a6e1142d30329e4702525eee42c171ada823117170121f67f4d89e \
    --hash=sha256:534ba5eeafc7d9332ccc8e0138d84d9dbebc45644578024250cca52a9bc3eeef \
    --hash=sha256:5482b4aceb9dff8566767b01fc578164822c10ab9f36f3f03d92ff1deda5d7f1 \
    --hash=sha256:570d22774bc7e53f55a637f46b9defa78321924c6a2e50a5790fb22b0e6a0709 \
    --hash=sha256:5b8bc09666da464124f2cf0cb917bbe7fc3ffca5e9e0275210c7783ede2e5d90 \
    --hash=sha256:5d90969a2872a8647d7f60396394b52d2077bba7a66e5c6e368712b37a86092a \
    --hash=sha256:5ffb876aac7f606bdb523ea8a1d89effe42b91ffa52638323f6ea0661be23f88 \
    --hash=sha256:601a8207a9ede70afb7175cba7d0c0443d4cd6603c68367948c49bddb754d24c \
    --hash=sha256:632041aa054a3c04d1392c7a66f14d604ab861414c9dda6cd4d187480fbf56e6 \
    --hash=sha256:6bb7ae7a2f9449bd4e57438b50b25e103eca9ab6fb2bf2b6ad7180eb3d167f9b \
    --hash=sha256:6c56a34ae4e6e9215f77cd4ad809b804611ad248290783d2d701904bb8db9772 \
    --hash=sha256:73569e5960fc03048e75d1b1ee8d505cfd8d766d24c4774e46b77f345f2d9fb6 \
    --hash=sha256:73974168da49c310a615e0169edd4c64020afc3c752543b8cba2724e141b9952 \
    --hash=sha256:7439538d98172d1af6b75fbdb47658029a8c53e4f83622ff27aa686d83241991 \
    --hash=sha256:7cffb60c743366a72fe93afe27af586ff7cef9fd957d780e770ddd6a6643f02c \
    --hash=sha256:7e0e9c1554aaa1baa7eca64d3f1cb5ef9079c80d66594f4e61358949209276e9 \
    --hash=sha256:81b35ab53cc977a9b94d9ea5cbaf45b2f8a24092b2f60a13d06f0f408f0e2b04 \
    --hash=sha256:866143c7a74d8a03e3aff4111aff6b913f8a08f843f5ad08f22b9a58dfbcc21f \
    --hash=sha256:86a5bb2fed9e3a2ceab75616ee46feab70af91d47ecb1f88b353ace7e4f283d1 \
    --hash=sha256:8d65a8b05b2971babeef4b6ca74a247a72276f62f7559466c64e96ece7f10062 \
    --hash=sha256:8d6cba6accb40c6824a4dc9c3a3073f280ea96cbcd173246b3637c67fded08a0 \
    --hash=sha256:8ed4d22f4c3907cdd39414d5e2f86bb29cb6c65ba760c9d86cd1d7d1c1fa4cb6 \
    --hash=sha256:8f5128217db55b04e1d9b676202f5a723a5d201e074c0f11cc29bb98f350cedd \
    --hash=sha256:91b91d31ce980bfb9103281b75a94b5500a800b8c8f71587428a4fb15e723848 \
    --hash=sha256:92528cb8932bd9ef7c7d9fd6df1511a1fd694aeab5622e463514d4e07f8a8abd \
    --hash=sha256:94882c3af6669669889f920ee4a622b78b7e8967875deacb3332acc4a611f2ed \
    --hash=sha256:9491a8a794cc2a7fea1a7e99354577aa4f42ed408a1304de7d9fa5e07d3af083 \
    --hash=sha256:965ae11ba825338d734251a10d27faa2e0e12bd30291f4e27a76b0d870dd13ab \
    --hash=sha256:97fea7f81931cd6314af5f4a9d10cab215dbccd963d5181b9e1b472a95347075 \
    --hash=sha256:a2315bddb651d87f4d510e629bdce7d6935355c6031e198d1dfd3c8723db5f5b \
    --hash=sha256:a50d38a9377d803be4f1e7dd5b128eff67d6d0fb66bdd4ca528828c2fa7aeb0b \
    --hash=sha256:a888d4eee4e71ea18db599d363b9434f1ac3708c58ce8f2277f81ab8d0fbb610 \
    --hash=sha256:ad1b25fc23c6580b6a48b79b2ae827eaa27a042fee6e32e76171b9ba246f89fb \
    --hash=sha256:aeb1b54006a063752bed79950c7565b9928eb359f5054eba58a8e532525a9139 \
    --hash=sha256:af6ceeb376b9b4e337cc6d69a08e108be610899c5d6baf056ff6d9544cac0f96 \
    --hash=sha256:b1bcfc2f94c3455a3547210b26d6f2827ad2059e53b71a465b894e1d82117fba \
    --hash=sha256:b54a1087fcb61b4e43b31d5b02399aecc546a073e0b86b6ad8b048b0c6805bf7 \
    --hash=sha256:b6efe18d6c6b3a78756781acb1f76893c10ac0ff463f1520eb9b306fc4a9197f \
    --hash=sha256:b8962c3d69e8ac6814a4e406d4f767dbdc360e550e373c267b218b5b046dc704 \
    --hash=sha256:bcbb9a10aeaf73b0c7a7d67cea3dde776db592c5865104bdf974e07d79cd24b1 \
    --hash=sha256:c0bd77e6a9abfb5d2aba2df62af87107e9d8d2fa6f109d23e5089976cc0b1fc0 \
    --hash=sha256:c78c95d318c31d36774a574de6b38f1cfb34d6887f84e1e7bd5e8061eaff284c \
    --hash=sha256:cdd9f78e7a20b479303bae1dca73bb690aa6b5269911af240530ce36cf0f49fc \
    --hash=sha256:d10ce643b1e83eab1eaa68cd26d2e8bdc21b4f5e50de1e6d0f9cbe7be0bf35bb \
    --hash=sha256:d13af1ac7ecd0aa80d76af15f79faf7c6faa74340c1803b26c3759f242cf04cf \
    --hash=sha256:d9a472b6e29a1bd43fc086e9f88452a4cf53a52cb0f58d2b44f962b61f27d75b \
    --hash=sha256:dd75281bc422e349c812f4297292014303bf7c0e32cf6ae8ce91d4ba7e10e5f2 \
    --hash=sha256:ddb1db64617bee0e61e054daf392af155264f84c05c635fd37aed06c8dbda3ea \
    --hash=sha256:e91b89a5aa6f0d2e0bb5e57a7b8e132e31564fdc4119410e442a04dd9e966c21 \
    --hash=sha256:ec7b5b079f7d874ad92a6f621a008713c9c1ee2c29bf31fb32295055412c6688 \
    --hash=sha256:ecb96493ed960ed7f9f5586fd5e6be4d2b3de38f7e814474eb01b4bf9dacc73d \
    --hash=sha256:f01e352662d634142cf09190de66174515fc1fba9ba459b5e13d7699fe52b719 \
    --hash=sha256:f222f3654e0679e916391f900299cb31731999770f40238b15a01dbba3dcf40f \
    --hash=sha256:f67e1b2c11f56f688fb6f26665b4b39243c394972f7e617b69515c6a695c29a3 \
    --hash=sha256:f9f2e3c98be9a509fc6716d93a7833344377097016dd95fb16b87d77323347db \
    --hash=sha256:fb25eac1ab03b975d080c87ae681070bc621fe559802ceb8dcf774f20107043e \
    --hash=sha256:fc577382a2bf3570e81855dd41799c492ad985729a88e0b2e25bc856c4c3f278 \
    --hash=sha256:fe1ffe85d9e0ec5004e0d8351835c8918adba50154080a5523323957cbdbe075
    # via -r test/requirements-mavlink.in
